{
  "name": "recipe-bridge",
  "lockfileVersion": 3,
  "requires": true,
  "packages": {
    "": {
      "name": "recipe-bridge",
      "dependencies": {
        "@jlucaspains/sharp-recipe-parser": "^1.3.5"
      }
    },
    "node_modules/@jlucaspains/sharp-recipe-parser": {
      "version": "1.3.5",
      "resolved": "https://registry.npmjs.org/@jlucaspains/sharp-recipe-parser/-/sharp-recipe-parser-1.3.5.tgz",
      "integrity": "sha512-67LU8ZXLE+yMdmXwIHZuwBNKsw4xI+Ry5p9KGpXnTiODiVuAoFy3OaibBSOGcmqSswFmXgrHyFgyvsgzaMXMpA==",
      "license": "MIT",
      "dependencies": {
        "fraction.js": "^5.0.6"
      }
    },
    "node_modules/fraction.js": {
      "version": "5.3.4",
      "resolved": "https://registry.npmjs.org/fraction.js/-/fraction.js-5.3.4.tgz",
      "integrity": "sha512-1X1NTtiJphryn/uLQz3whtY6jK3fTqoE3ohKs0tT+Ujr1W59oopxmoEh7Lu5p6vBaPbgoM0bzveAW4Qi5RyWDQ==",
      "license": "MIT",
      "engines": {
        "node": "*"
      },
      "funding": {
        "type": "github",
        "url": "https://github.com/sponsors/rawify"
      }
    }
  }
}
